
Microsoft Visual Studio Solution File, Format Version 12.00
# Visual Studio Version 17
Project("{2150E333-8FDC-42A3-9474-1A3956D46DE8}") = "CMakePredefinedTargets", "CMakePredefinedTargets", "{6CFF2467-6297-3426-B30A-64E483EA8D50}"
EndProject
Project("{8BC9CEB8-8B4A-11D0-8D11-00A0C91BC942}") = "CSC8503", "CSC8503\CSC8503.vcxproj", "{6167AAFC-AA59-3EDC-AC9F-EDBD544C6014}"
	ProjectSection(ProjectDependencies) = postProject
		{5A0B0D27-0F54-3CEF-9374-CCC591CB8E69} = {5A0B0D27-0F54-3CEF-9374-CCC591CB8E69}
		{9D302F21-8FA5-3039-8B04-C6F73170994F} = {9D302F21-8FA5-3039-8B04-C6F73170994F}
		{3BE594BE-1CB4-35E0-B41D-DE9F4DA529FB} = {3BE594BE-1CB4-35E0-B41D-DE9F4DA529FB}
		{CE19C5AB-1A77-3EE1-942F-E905914E70D1} = {CE19C5AB-1A77-3EE1-942F-E905914E70D1}
	EndProjectSection
EndProject
Project("{8BC9CEB8-8B4A-11D0-8D11-00A0C91BC942}") = "ALL_BUILD", "ALL_BUILD.vcxproj", "{5C8ECBFE-35AE-3417-AF46-37BDD5E162D7}"
	ProjectSection(ProjectDependencies) = postProject
		{6167AAFC-AA59-3EDC-AC9F-EDBD544C6014} = {6167AAFC-AA59-3EDC-AC9F-EDBD544C6014}
		{5A0B0D27-0F54-3CEF-9374-CCC591CB8E69} = {5A0B0D27-0F54-3CEF-9374-CCC591CB8E69}
		{9D302F21-8FA5-3039-8B04-C6F73170994F} = {9D302F21-8FA5-3039-8B04-C6F73170994F}
		{3BE594BE-1CB4-35E0-B41D-DE9F4DA529FB} = {3BE594BE-1CB4-35E0-B41D-DE9F4DA529FB}
		{CE19C5AB-1A77-3EE1-942F-E905914E70D1} = {CE19C5AB-1A77-3EE1-942F-E905914E70D1}
	EndProjectSection
EndProject
Project("{8BC9CEB8-8B4A-11D0-8D11-00A0C91BC942}") = "CSC8503CoreClasses", "CSC8503CoreClasses\CSC8503CoreClasses.vcxproj", "{5A0B0D27-0F54-3CEF-9374-CCC591CB8E69}"
	ProjectSection(ProjectDependencies) = postProject
		{CE19C5AB-1A77-3EE1-942F-E905914E70D1} = {CE19C5AB-1A77-3EE1-942F-E905914E70D1}
	EndProjectSection
EndProject
Project("{8BC9CEB8-8B4A-11D0-8D11-00A0C91BC942}") = "NCLCoreClasses", "NCLCoreClasses\NCLCoreClasses.vcxproj", "{9D302F21-8FA5-3039-8B04-C6F73170994F}"
	ProjectSection(ProjectDependencies) = postProject
		{CE19C5AB-1A77-3EE1-942F-E905914E70D1} = {CE19C5AB-1A77-3EE1-942F-E905914E70D1}
	EndProjectSection
EndProject
Project("{8BC9CEB8-8B4A-11D0-8D11-00A0C91BC942}") = "OpenGLRendering", "OpenGLRendering\OpenGLRendering.vcxproj", "{3BE594BE-1CB4-35E0-B41D-DE9F4DA529FB}"
	ProjectSection(ProjectDependencies) = postProject
		{9D302F21-8FA5-3039-8B04-C6F73170994F} = {9D302F21-8FA5-3039-8B04-C6F73170994F}
		{CE19C5AB-1A77-3EE1-942F-E905914E70D1} = {CE19C5AB-1A77-3EE1-942F-E905914E70D1}
	EndProjectSection
EndProject
Project("{8BC9CEB8-8B4A-11D0-8D11-00A0C91BC942}") = "ZERO_CHECK", "ZERO_CHECK.vcxproj", "{CE19C5AB-1A77-3EE1-942F-E905914E70D1}"
	ProjectSection(ProjectDependencies) = postProject
	EndProjectSection
EndProject
Global
	GlobalSection(SolutionConfigurationPlatforms) = preSolution
		Debug|x64 = Debug|x64
		Release|x64 = Release|x64
	EndGlobalSection
	GlobalSection(ProjectConfigurationPlatforms) = postSolution
		{6167AAFC-AA59-3EDC-AC9F-EDBD544C6014}.Debug|x64.ActiveCfg = Debug|x64
		{6167AAFC-AA59-3EDC-AC9F-EDBD544C6014}.Debug|x64.Build.0 = Debug|x64
		{6167AAFC-AA59-3EDC-AC9F-EDBD544C6014}.Release|x64.ActiveCfg = Release|x64
		{6167AAFC-AA59-3EDC-AC9F-EDBD544C6014}.Release|x64.Build.0 = Release|x64
		{5C8ECBFE-35AE-3417-AF46-37BDD5E162D7}.Debug|x64.ActiveCfg = Debug|x64
		{5C8ECBFE-35AE-3417-AF46-37BDD5E162D7}.Release|x64.ActiveCfg = Release|x64
		{5A0B0D27-0F54-3CEF-9374-CCC591CB8E69}.Debug|x64.ActiveCfg = Debug|x64
		{5A0B0D27-0F54-3CEF-9374-CCC591CB8E69}.Debug|x64.Build.0 = Debug|x64
		{5A0B0D27-0F54-3CEF-9374-CCC591CB8E69}.Release|x64.ActiveCfg = Release|x64
		{5A0B0D27-0F54-3CEF-9374-CCC591CB8E69}.Release|x64.Build.0 = Release|x64
		{9D302F21-8FA5-3039-8B04-C6F73170994F}.Debug|x64.ActiveCfg = Debug|x64
		{9D302F21-8FA5-3039-8B04-C6F73170994F}.Debug|x64.Build.0 = Debug|x64
		{9D302F21-8FA5-3039-8B04-C6F73170994F}.Release|x64.ActiveCfg = Release|x64
		{9D302F21-8FA5-3039-8B04-C6F73170994F}.Release|x64.Build.0 = Release|x64
		{3BE594BE-1CB4-35E0-B41D-DE9F4DA529FB}.Debug|x64.ActiveCfg = Debug|x64
		{3BE594BE-1CB4-35E0-B41D-DE9F4DA529FB}.Debug|x64.Build.0 = Debug|x64
		{3BE594BE-1CB4-35E0-B41D-DE9F4DA529FB}.Release|x64.ActiveCfg = Release|x64
		{3BE594BE-1CB4-35E0-B41D-DE9F4DA529FB}.Release|x64.Build.0 = Release|x64
		{CE19C5AB-1A77-3EE1-942F-E905914E70D1}.Debug|x64.ActiveCfg = Debug|x64
		{CE19C5AB-1A77-3EE1-942F-E905914E70D1}.Debug|x64.Build.0 = Debug|x64
		{CE19C5AB-1A77-3EE1-942F-E905914E70D1}.Release|x64.ActiveCfg = Release|x64
		{CE19C5AB-1A77-3EE1-942F-E905914E70D1}.Release|x64.Build.0 = Release|x64
	EndGlobalSection
	GlobalSection(NestedProjects) = preSolution
		{5C8ECBFE-35AE-3417-AF46-37BDD5E162D7} = {6CFF2467-6297-3426-B30A-64E483EA8D50}
		{CE19C5AB-1A77-3EE1-942F-E905914E70D1} = {6CFF2467-6297-3426-B30A-64E483EA8D50}
	EndGlobalSection
	GlobalSection(ExtensibilityGlobals) = postSolution
		SolutionGuid = {C93C5871-CB0A-3271-8357-34A6EF1D7901}
	EndGlobalSection
	GlobalSection(ExtensibilityAddIns) = postSolution
	EndGlobalSection
EndGlobal
