
Microsoft Visual Studio Solution File, Format Version 12.00
# Visual Studio Version 17
Project("{2150E333-8FDC-42A3-9474-1A3956D46DE8}") = "CMakePredefinedTargets", "CMakePredefinedTargets", "{E458F203-103F-3124-8D4C-F21E76CD4216}"
EndProject
Project("{8BC9CEB8-8B4A-11D0-8D11-00A0C91BC942}") = "CSC8503", "CSC8503\CSC8503.vcxproj", "{324DEC75-6051-3E28-A1A2-40C7A8DA12C8}"
	ProjectSection(ProjectDependencies) = postProject
		{AE1E8137-18B8-392B-B1C8-38A6ADAE94B6} = {AE1E8137-18B8-392B-B1C8-38A6ADAE94B6}
		{92F0EF1A-22C7-3CAE-91BA-841D084D77A6} = {92F0EF1A-22C7-3CAE-91BA-841D084D77A6}
		{B7F4D9AC-8E84-38E4-8A20-84D4F4C86034} = {B7F4D9AC-8E84-38E4-8A20-84D4F4C86034}
		{76D56FC6-3065-3C4F-9B9C-3E30790D741B} = {76D56FC6-3065-3C4F-9B9C-3E30790D741B}
	EndProjectSection
EndProject
Project("{8BC9CEB8-8B4A-11D0-8D11-00A0C91BC942}") = "ALL_BUILD", "ALL_BUILD.vcxproj", "{9AD5F6EC-B7BA-3892-A44F-D95C920BB3AA}"
	ProjectSection(ProjectDependencies) = postProject
		{324DEC75-6051-3E28-A1A2-40C7A8DA12C8} = {324DEC75-6051-3E28-A1A2-40C7A8DA12C8}
		{AE1E8137-18B8-392B-B1C8-38A6ADAE94B6} = {AE1E8137-18B8-392B-B1C8-38A6ADAE94B6}
		{92F0EF1A-22C7-3CAE-91BA-841D084D77A6} = {92F0EF1A-22C7-3CAE-91BA-841D084D77A6}
		{B7F4D9AC-8E84-38E4-8A20-84D4F4C86034} = {B7F4D9AC-8E84-38E4-8A20-84D4F4C86034}
		{76D56FC6-3065-3C4F-9B9C-3E30790D741B} = {76D56FC6-3065-3C4F-9B9C-3E30790D741B}
	EndProjectSection
EndProject
Project("{8BC9CEB8-8B4A-11D0-8D11-00A0C91BC942}") = "CSC8503CoreClasses", "CSC8503CoreClasses\CSC8503CoreClasses.vcxproj", "{AE1E8137-18B8-392B-B1C8-38A6ADAE94B6}"
	ProjectSection(ProjectDependencies) = postProject
		{76D56FC6-3065-3C4F-9B9C-3E30790D741B} = {76D56FC6-3065-3C4F-9B9C-3E30790D741B}
	EndProjectSection
EndProject
Project("{8BC9CEB8-8B4A-11D0-8D11-00A0C91BC942}") = "NCLCoreClasses", "NCLCoreClasses\NCLCoreClasses.vcxproj", "{92F0EF1A-22C7-3CAE-91BA-841D084D77A6}"
	ProjectSection(ProjectDependencies) = postProject
		{76D56FC6-3065-3C4F-9B9C-3E30790D741B} = {76D56FC6-3065-3C4F-9B9C-3E30790D741B}
	EndProjectSection
EndProject
Project("{8BC9CEB8-8B4A-11D0-8D11-00A0C91BC942}") = "OpenGLRendering", "OpenGLRendering\OpenGLRendering.vcxproj", "{B7F4D9AC-8E84-38E4-8A20-84D4F4C86034}"
	ProjectSection(ProjectDependencies) = postProject
		{92F0EF1A-22C7-3CAE-91BA-841D084D77A6} = {92F0EF1A-22C7-3CAE-91BA-841D084D77A6}
		{76D56FC6-3065-3C4F-9B9C-3E30790D741B} = {76D56FC6-3065-3C4F-9B9C-3E30790D741B}
	EndProjectSection
EndProject
Project("{8BC9CEB8-8B4A-11D0-8D11-00A0C91BC942}") = "ZERO_CHECK", "ZERO_CHECK.vcxproj", "{76D56FC6-3065-3C4F-9B9C-3E30790D741B}"
	ProjectSection(ProjectDependencies) = postProject
	EndProjectSection
EndProject
Global
	GlobalSection(SolutionConfigurationPlatforms) = preSolution
		Debug|x64 = Debug|x64
		Release|x64 = Release|x64
	EndGlobalSection
	GlobalSection(ProjectConfigurationPlatforms) = postSolution
		{324DEC75-6051-3E28-A1A2-40C7A8DA12C8}.Debug|x64.ActiveCfg = Debug|x64
		{324DEC75-6051-3E28-A1A2-40C7A8DA12C8}.Debug|x64.Build.0 = Debug|x64
		{324DEC75-6051-3E28-A1A2-40C7A8DA12C8}.Release|x64.ActiveCfg = Release|x64
		{324DEC75-6051-3E28-A1A2-40C7A8DA12C8}.Release|x64.Build.0 = Release|x64
		{9AD5F6EC-B7BA-3892-A44F-D95C920BB3AA}.Debug|x64.ActiveCfg = Debug|x64
		{9AD5F6EC-B7BA-3892-A44F-D95C920BB3AA}.Release|x64.ActiveCfg = Release|x64
		{AE1E8137-18B8-392B-B1C8-38A6ADAE94B6}.Debug|x64.ActiveCfg = Debug|x64
		{AE1E8137-18B8-392B-B1C8-38A6ADAE94B6}.Debug|x64.Build.0 = Debug|x64
		{AE1E8137-18B8-392B-B1C8-38A6ADAE94B6}.Release|x64.ActiveCfg = Release|x64
		{AE1E8137-18B8-392B-B1C8-38A6ADAE94B6}.Release|x64.Build.0 = Release|x64
		{92F0EF1A-22C7-3CAE-91BA-841D084D77A6}.Debug|x64.ActiveCfg = Debug|x64
		{92F0EF1A-22C7-3CAE-91BA-841D084D77A6}.Debug|x64.Build.0 = Debug|x64
		{92F0EF1A-22C7-3CAE-91BA-841D084D77A6}.Release|x64.ActiveCfg = Release|x64
		{92F0EF1A-22C7-3CAE-91BA-841D084D77A6}.Release|x64.Build.0 = Release|x64
		{B7F4D9AC-8E84-38E4-8A20-84D4F4C86034}.Debug|x64.ActiveCfg = Debug|x64
		{B7F4D9AC-8E84-38E4-8A20-84D4F4C86034}.Debug|x64.Build.0 = Debug|x64
		{B7F4D9AC-8E84-38E4-8A20-84D4F4C86034}.Release|x64.ActiveCfg = Release|x64
		{B7F4D9AC-8E84-38E4-8A20-84D4F4C86034}.Release|x64.Build.0 = Release|x64
		{76D56FC6-3065-3C4F-9B9C-3E30790D741B}.Debug|x64.ActiveCfg = Debug|x64
		{76D56FC6-3065-3C4F-9B9C-3E30790D741B}.Debug|x64.Build.0 = Debug|x64
		{76D56FC6-3065-3C4F-9B9C-3E30790D741B}.Release|x64.ActiveCfg = Release|x64
		{76D56FC6-3065-3C4F-9B9C-3E30790D741B}.Release|x64.Build.0 = Release|x64
	EndGlobalSection
	GlobalSection(NestedProjects) = preSolution
		{9AD5F6EC-B7BA-3892-A44F-D95C920BB3AA} = {E458F203-103F-3124-8D4C-F21E76CD4216}
		{76D56FC6-3065-3C4F-9B9C-3E30790D741B} = {E458F203-103F-3124-8D4C-F21E76CD4216}
	EndGlobalSection
	GlobalSection(ExtensibilityGlobals) = postSolution
		SolutionGuid = {1BA43ECC-12DD-3E67-AE9F-EE4093F8D887}
	EndGlobalSection
	GlobalSection(ExtensibilityAddIns) = postSolution
	EndGlobalSection
EndGlobal
