
Microsoft Visual Studio Solution File, Format Version 12.00
# Visual Studio Version 17
Project("{2150E333-8FDC-42A3-9474-1A3956D46DE8}") = "CMakePredefinedTargets", "CMakePredefinedTargets", "{B8DF384D-AAEA-3DFC-A32B-73CE5D7D7C5E}"
EndProject
Project("{8BC9CEB8-8B4A-11D0-8D11-00A0C91BC942}") = "CSC8503", "CSC8503\CSC8503.vcxproj", "{942B56DE-EC61-3209-BF91-848AAC5AEAA4}"
	ProjectSection(ProjectDependencies) = postProject
		{AABA4171-4B2B-3CBF-9732-3177593A9009} = {AABA4171-4B2B-3CBF-9732-3177593A9009}
		{144A5398-A14C-3CD0-8790-270776DC9E2F} = {144A5398-A14C-3CD0-8790-270776DC9E2F}
		{BC9CAA30-D9E2-3913-80D3-988E71915219} = {BC9CAA30-D9E2-3913-80D3-988E71915219}
		{E2FB6C08-644C-3D2E-BEE2-6D615E47FC9D} = {E2FB6C08-644C-3D2E-BEE2-6D615E47FC9D}
	EndProjectSection
EndProject
Project("{8BC9CEB8-8B4A-11D0-8D11-00A0C91BC942}") = "ALL_BUILD", "ALL_BUILD.vcxproj", "{7A4ED40F-C98F-312B-B2CC-9877ADC22638}"
	ProjectSection(ProjectDependencies) = postProject
		{942B56DE-EC61-3209-BF91-848AAC5AEAA4} = {942B56DE-EC61-3209-BF91-848AAC5AEAA4}
		{AABA4171-4B2B-3CBF-9732-3177593A9009} = {AABA4171-4B2B-3CBF-9732-3177593A9009}
		{144A5398-A14C-3CD0-8790-270776DC9E2F} = {144A5398-A14C-3CD0-8790-270776DC9E2F}
		{BC9CAA30-D9E2-3913-80D3-988E71915219} = {BC9CAA30-D9E2-3913-80D3-988E71915219}
		{E2FB6C08-644C-3D2E-BEE2-6D615E47FC9D} = {E2FB6C08-644C-3D2E-BEE2-6D615E47FC9D}
	EndProjectSection
EndProject
Project("{8BC9CEB8-8B4A-11D0-8D11-00A0C91BC942}") = "CSC8503CoreClasses", "CSC8503CoreClasses\CSC8503CoreClasses.vcxproj", "{AABA4171-4B2B-3CBF-9732-3177593A9009}"
	ProjectSection(ProjectDependencies) = postProject
		{E2FB6C08-644C-3D2E-BEE2-6D615E47FC9D} = {E2FB6C08-644C-3D2E-BEE2-6D615E47FC9D}
	EndProjectSection
EndProject
Project("{8BC9CEB8-8B4A-11D0-8D11-00A0C91BC942}") = "NCLCoreClasses", "NCLCoreClasses\NCLCoreClasses.vcxproj", "{144A5398-A14C-3CD0-8790-270776DC9E2F}"
	ProjectSection(ProjectDependencies) = postProject
		{E2FB6C08-644C-3D2E-BEE2-6D615E47FC9D} = {E2FB6C08-644C-3D2E-BEE2-6D615E47FC9D}
	EndProjectSection
EndProject
Project("{8BC9CEB8-8B4A-11D0-8D11-00A0C91BC942}") = "OpenGLRendering", "OpenGLRendering\OpenGLRendering.vcxproj", "{BC9CAA30-D9E2-3913-80D3-988E71915219}"
	ProjectSection(ProjectDependencies) = postProject
		{144A5398-A14C-3CD0-8790-270776DC9E2F} = {144A5398-A14C-3CD0-8790-270776DC9E2F}
		{E2FB6C08-644C-3D2E-BEE2-6D615E47FC9D} = {E2FB6C08-644C-3D2E-BEE2-6D615E47FC9D}
	EndProjectSection
EndProject
Project("{8BC9CEB8-8B4A-11D0-8D11-00A0C91BC942}") = "ZERO_CHECK", "ZERO_CHECK.vcxproj", "{E2FB6C08-644C-3D2E-BEE2-6D615E47FC9D}"
	ProjectSection(ProjectDependencies) = postProject
	EndProjectSection
EndProject
Global
	GlobalSection(SolutionConfigurationPlatforms) = preSolution
		Debug|x64 = Debug|x64
		Release|x64 = Release|x64
	EndGlobalSection
	GlobalSection(ProjectConfigurationPlatforms) = postSolution
		{942B56DE-EC61-3209-BF91-848AAC5AEAA4}.Debug|x64.ActiveCfg = Debug|x64
		{942B56DE-EC61-3209-BF91-848AAC5AEAA4}.Debug|x64.Build.0 = Debug|x64
		{942B56DE-EC61-3209-BF91-848AAC5AEAA4}.Release|x64.ActiveCfg = Release|x64
		{942B56DE-EC61-3209-BF91-848AAC5AEAA4}.Release|x64.Build.0 = Release|x64
		{7A4ED40F-C98F-312B-B2CC-9877ADC22638}.Debug|x64.ActiveCfg = Debug|x64
		{7A4ED40F-C98F-312B-B2CC-9877ADC22638}.Release|x64.ActiveCfg = Release|x64
		{AABA4171-4B2B-3CBF-9732-3177593A9009}.Debug|x64.ActiveCfg = Debug|x64
		{AABA4171-4B2B-3CBF-9732-3177593A9009}.Debug|x64.Build.0 = Debug|x64
		{AABA4171-4B2B-3CBF-9732-3177593A9009}.Release|x64.ActiveCfg = Release|x64
		{AABA4171-4B2B-3CBF-9732-3177593A9009}.Release|x64.Build.0 = Release|x64
		{144A5398-A14C-3CD0-8790-270776DC9E2F}.Debug|x64.ActiveCfg = Debug|x64
		{144A5398-A14C-3CD0-8790-270776DC9E2F}.Debug|x64.Build.0 = Debug|x64
		{144A5398-A14C-3CD0-8790-270776DC9E2F}.Release|x64.ActiveCfg = Release|x64
		{144A5398-A14C-3CD0-8790-270776DC9E2F}.Release|x64.Build.0 = Release|x64
		{BC9CAA30-D9E2-3913-80D3-988E71915219}.Debug|x64.ActiveCfg = Debug|x64
		{BC9CAA30-D9E2-3913-80D3-988E71915219}.Debug|x64.Build.0 = Debug|x64
		{BC9CAA30-D9E2-3913-80D3-988E71915219}.Release|x64.ActiveCfg = Release|x64
		{BC9CAA30-D9E2-3913-80D3-988E71915219}.Release|x64.Build.0 = Release|x64
		{E2FB6C08-644C-3D2E-BEE2-6D615E47FC9D}.Debug|x64.ActiveCfg = Debug|x64
		{E2FB6C08-644C-3D2E-BEE2-6D615E47FC9D}.Debug|x64.Build.0 = Debug|x64
		{E2FB6C08-644C-3D2E-BEE2-6D615E47FC9D}.Release|x64.ActiveCfg = Release|x64
		{E2FB6C08-644C-3D2E-BEE2-6D615E47FC9D}.Release|x64.Build.0 = Release|x64
	EndGlobalSection
	GlobalSection(NestedProjects) = preSolution
		{7A4ED40F-C98F-312B-B2CC-9877ADC22638} = {B8DF384D-AAEA-3DFC-A32B-73CE5D7D7C5E}
		{E2FB6C08-644C-3D2E-BEE2-6D615E47FC9D} = {B8DF384D-AAEA-3DFC-A32B-73CE5D7D7C5E}
	EndGlobalSection
	GlobalSection(ExtensibilityGlobals) = postSolution
		SolutionGuid = {E6C4C47A-3822-3F99-B175-71A417311B92}
	EndGlobalSection
	GlobalSection(ExtensibilityAddIns) = postSolution
	EndGlobalSection
EndGlobal
